{
    "version": 3,
    "terraform_version": "0.11.13",
    "serial": 6,
    "lineage": "8c4d696f-4cf9-53e7-404c-034cc6a984a0",
    "modules": [
        {
            "path": [
                "root"
            ],
            "outputs": {},
            "resources": {
                "aws_instance.ec2": {
                    "type": "aws_instance",
                    "depends_on": [],
                    "primary": {
                        "id": "i-061c82e28b3e7a2a7",
                        "attributes": {
                            "ami": "ami-00c39f71452c08778",
                            "arn": "arn:aws:ec2:us-east-1:013805789790:instance/i-061c82e28b3e7a2a7",
                            "associate_public_ip_address": "true",
                            "availability_zone": "us-east-1c",
                            "cpu_core_count": "1",
                            "cpu_threads_per_core": "2",
                            "credit_specification.#": "1",
                            "credit_specification.0.cpu_credits": "unlimited",
                            "disable_api_termination": "false",
                            "ebs_block_device.#": "0",
                            "ebs_optimized": "false",
                            "ephemeral_block_device.#": "0",
                            "get_password_data": "false",
                            "hibernation": "false",
                            "iam_instance_profile": "",
                            "id": "i-061c82e28b3e7a2a7",
                            "instance_state": "running",
                            "instance_type": "t3.micro",
                            "ipv6_address_count": "0",
                            "ipv6_addresses.#": "0",
                            "key_name": "",
                            "metadata_options.#": "1",
                            "metadata_options.0.http_endpoint": "enabled",
                            "metadata_options.0.http_put_response_hop_limit": "2",
                            "metadata_options.0.http_tokens": "required",
                            "monitoring": "false",
                            "network_interface.#": "0",
                            "outpost_arn": "",
                            "password_data": "",
                            "placement_group": "",
                            "primary_network_interface_id": "eni-0a4234f67fe60735c",
                            "private_dns": "ip-172-31-5-50.ec2.internal",
                            "private_ip": "172.31.5.50",
                            "public_dns": "ec2-3-239-247-28.compute-1.amazonaws.com",
                            "public_ip": "3.239.247.28",
                            "root_block_device.#": "1",
                            "root_block_device.0.delete_on_termination": "true",
                            "root_block_device.0.device_name": "/dev/xvda",
                            "root_block_device.0.encrypted": "false",
                            "root_block_device.0.iops": "3000",
                            "root_block_device.0.kms_key_id": "",
                            "root_block_device.0.volume_id": "vol-098c2cc0fee037928",
                            "root_block_device.0.volume_size": "8",
                            "root_block_device.0.volume_type": "gp3",
                            "security_groups.#": "1",
                            "security_groups.3814588639": "default",
                            "source_dest_check": "true",
                            "subnet_id": "subnet-0257284871161b258",
                            "tags.%": "1",
                            "tags.Name": "test",
                            "tenancy": "default",
                            "volume_tags.%": "0",
                            "vpc_security_group_ids.#": "1",
                            "vpc_security_group_ids.3447402580": "sg-0dbd5f3d43d3637a0"
                        },
                        "meta": {
                            "e2bfb730-ecaa-11e6-8f88-34363bc7c4c0": {
                                "create": 600000000000,
                                "delete": 1200000000000,
                                "update": 600000000000
                            },
                            "schema_version": "1"
                        },
                        "tainted": false
                    },
                    "deposed": [],
                    "provider": "provider.aws"
                }
            },
            "depends_on": []
        }
    ]
}
